// !$*UTF8*$!
{
	archiveVersion = 1;
	classes = {
	};
	objectVersion = 48;
	objects = {

/* Begin PBXBuildFile section */
		1FA21557131B2520CDE60508 /* Pods_newVK.framework in Frameworks */ = {isa = PBXBuildFile; fileRef = 5F53533A50A997494316304F /* Pods_newVK.framework */; };
		3E0137C8205A6BAB00B47735 /* FriendsCell.swift in Sources */ = {isa = PBXBuildFile; fileRef = 3E0137C7205A6BAB00B47735 /* FriendsCell.swift */; };
		3E0137CA205A6EAE00B47735 /* AllGroupsCell.swift in Sources */ = {isa = PBXBuildFile; fileRef = 3E0137C9205A6EAE00B47735 /* AllGroupsCell.swift */; };
		3E0137CC205A701A00B47735 /* MyGroupsCell.swift in Sources */ = {isa = PBXBuildFile; fileRef = 3E0137CB205A701A00B47735 /* MyGroupsCell.swift */; };
		3E0FEF7E204ABE4C006DE640 /* FriendsRequest.swift in Sources */ = {isa = PBXBuildFile; fileRef = 3E0FEF7D204ABE4C006DE640 /* FriendsRequest.swift */; };
		3E0FEF80204ACD0D006DE640 /* VKloginVC.swift in Sources */ = {isa = PBXBuildFile; fileRef = 3E0FEF7F204ACD0D006DE640 /* VKloginVC.swift */; };
		3E0FEF86204AD47B006DE640 /* WebKitVC.swift in Sources */ = {isa = PBXBuildFile; fileRef = 3E0FEF85204AD47B006DE640 /* WebKitVC.swift */; };
		3E167696203F6C0700287BB4 /* FriendsVC.swift in Sources */ = {isa = PBXBuildFile; fileRef = 3E167695203F6C0700287BB4 /* FriendsVC.swift */; };
		3E16769A20400B5C00287BB4 /* FriendPhotosVC.swift in Sources */ = {isa = PBXBuildFile; fileRef = 3E16769920400B5C00287BB4 /* FriendPhotosVC.swift */; };
		3E16769C20400F6200287BB4 /* FriendPhotosCell.swift in Sources */ = {isa = PBXBuildFile; fileRef = 3E16769B20400F6200287BB4 /* FriendPhotosCell.swift */; };
		3E21A026206D1CAE0011D287 /* NewsRequest.swift in Sources */ = {isa = PBXBuildFile; fileRef = 3E21A025206D1CAE0011D287 /* NewsRequest.swift */; };
		3E2BE8BE2042E9D9002A50CF /* MyGroupsVC.swift in Sources */ = {isa = PBXBuildFile; fileRef = 3E2BE8BD2042E9D9002A50CF /* MyGroupsVC.swift */; };
		3E2BE8C02042EE36002A50CF /* AllGroupsVC.swift in Sources */ = {isa = PBXBuildFile; fileRef = 3E2BE8BF2042EE36002A50CF /* AllGroupsVC.swift */; };
		3E618431203717DB00A68D16 /* AppDelegate.swift in Sources */ = {isa = PBXBuildFile; fileRef = 3E618430203717DB00A68D16 /* AppDelegate.swift */; };
		3E618436203717DB00A68D16 /* Main.storyboard in Resources */ = {isa = PBXBuildFile; fileRef = 3E618434203717DB00A68D16 /* Main.storyboard */; };
		3E618438203717DB00A68D16 /* Assets.xcassets in Resources */ = {isa = PBXBuildFile; fileRef = 3E618437203717DB00A68D16 /* Assets.xcassets */; };
		3E61843B203717DB00A68D16 /* LaunchScreen.storyboard in Resources */ = {isa = PBXBuildFile; fileRef = 3E618439203717DB00A68D16 /* LaunchScreen.storyboard */; };
		3E78B69C20443228006E9397 /* LargePhotoVC.swift in Sources */ = {isa = PBXBuildFile; fileRef = 3E78B69B20443228006E9397 /* LargePhotoVC.swift */; };
		3E7D1212204ECF44001E4D9C /* User.swift in Sources */ = {isa = PBXBuildFile; fileRef = 3E7D1211204ECF44001E4D9C /* User.swift */; };
		3E7D1214204ED077001E4D9C /* Photo.swift in Sources */ = {isa = PBXBuildFile; fileRef = 3E7D1213204ED077001E4D9C /* Photo.swift */; };
		3E7D1216204ED147001E4D9C /* Group.swift in Sources */ = {isa = PBXBuildFile; fileRef = 3E7D1215204ED147001E4D9C /* Group.swift */; };
		3E9987E2206D04C5003DF364 /* News.swift in Sources */ = {isa = PBXBuildFile; fileRef = 3E9987E1206D04C5003DF364 /* News.swift */; };
		3EA8734A204728930049C4F2 /* ManagePageVC.swift in Sources */ = {isa = PBXBuildFile; fileRef = 3EA87349204728930049C4F2 /* ManagePageVC.swift */; };
		3EAC58DA20619DF800A2DE4A /* SavingObjects.swift in Sources */ = {isa = PBXBuildFile; fileRef = 3EAC58D920619DF800A2DE4A /* SavingObjects.swift */; };
		3EAC58DD20624B2300A2DE4A /* PhotosRequest.swift in Sources */ = {isa = PBXBuildFile; fileRef = 3EAC58DB20624B2300A2DE4A /* PhotosRequest.swift */; };
		3EAC58DE20624B2300A2DE4A /* GroupsRequest.swift in Sources */ = {isa = PBXBuildFile; fileRef = 3EAC58DC20624B2300A2DE4A /* GroupsRequest.swift */; };
		3EAC58E0206258A300A2DE4A /* GroupsSearchRequest.swift in Sources */ = {isa = PBXBuildFile; fileRef = 3EAC58DF206258A300A2DE4A /* GroupsSearchRequest.swift */; };
		3EAC58E22062D22100A2DE4A /* LeaveAccount.swift in Sources */ = {isa = PBXBuildFile; fileRef = 3EAC58E12062D22100A2DE4A /* LeaveAccount.swift */; };
		3EAC58E42062DAF700A2DE4A /* OwnerVC.swift in Sources */ = {isa = PBXBuildFile; fileRef = 3EAC58E32062DAF700A2DE4A /* OwnerVC.swift */; };
		3EAC58E62062DD2500A2DE4A /* OwnerPhotosCell.swift in Sources */ = {isa = PBXBuildFile; fileRef = 3EAC58E52062DD2500A2DE4A /* OwnerPhotosCell.swift */; };
		3EC6D59220679811009F92A2 /* NewsVC.swift in Sources */ = {isa = PBXBuildFile; fileRef = 3EC6D59120679811009F92A2 /* NewsVC.swift */; };
		3EC6D5942067988F009F92A2 /* NewsCell.swift in Sources */ = {isa = PBXBuildFile; fileRef = 3EC6D5932067988F009F92A2 /* NewsCell.swift */; };
		3EC6D59720692C84009F92A2 /* MessagesVC.swift in Sources */ = {isa = PBXBuildFile; fileRef = 3EC6D59620692C84009F92A2 /* MessagesVC.swift */; };
		3EC6D59A20692D2E009F92A2 /* MessageCell.swift in Sources */ = {isa = PBXBuildFile; fileRef = 3EC6D59920692D2E009F92A2 /* MessageCell.swift */; };
/* End PBXBuildFile section */

/* Begin PBXFileReference section */
		3E0137C7205A6BAB00B47735 /* FriendsCell.swift */ = {isa = PBXFileReference; lastKnownFileType = sourcecode.swift; path = FriendsCell.swift; sourceTree = "<group>"; };
		3E0137C9205A6EAE00B47735 /* AllGroupsCell.swift */ = {isa = PBXFileReference; lastKnownFileType = sourcecode.swift; path = AllGroupsCell.swift; sourceTree = "<group>"; };
		3E0137CB205A701A00B47735 /* MyGroupsCell.swift */ = {isa = PBXFileReference; lastKnownFileType = sourcecode.swift; path = MyGroupsCell.swift; sourceTree = "<group>"; };
		3E0FEF7D204ABE4C006DE640 /* FriendsRequest.swift */ = {isa = PBXFileReference; lastKnownFileType = sourcecode.swift; path = FriendsRequest.swift; sourceTree = "<group>"; };
		3E0FEF7F204ACD0D006DE640 /* VKloginVC.swift */ = {isa = PBXFileReference; lastKnownFileType = sourcecode.swift; path = VKloginVC.swift; sourceTree = "<group>"; };
		3E0FEF85204AD47B006DE640 /* WebKitVC.swift */ = {isa = PBXFileReference; lastKnownFileType = sourcecode.swift; path = WebKitVC.swift; sourceTree = "<group>"; };
		3E167695203F6C0700287BB4 /* FriendsVC.swift */ = {isa = PBXFileReference; lastKnownFileType = sourcecode.swift; path = FriendsVC.swift; sourceTree = "<group>"; };
		3E16769920400B5C00287BB4 /* FriendPhotosVC.swift */ = {isa = PBXFileReference; lastKnownFileType = sourcecode.swift; path = FriendPhotosVC.swift; sourceTree = "<group>"; };
		3E16769B20400F6200287BB4 /* FriendPhotosCell.swift */ = {isa = PBXFileReference; lastKnownFileType = sourcecode.swift; path = FriendPhotosCell.swift; sourceTree = "<group>"; };
		3E21A025206D1CAE0011D287 /* NewsRequest.swift */ = {isa = PBXFileReference; lastKnownFileType = sourcecode.swift; path = NewsRequest.swift; sourceTree = "<group>"; };
		3E2BE8BD2042E9D9002A50CF /* MyGroupsVC.swift */ = {isa = PBXFileReference; lastKnownFileType = sourcecode.swift; path = MyGroupsVC.swift; sourceTree = "<group>"; };
		3E2BE8BF2042EE36002A50CF /* AllGroupsVC.swift */ = {isa = PBXFileReference; lastKnownFileType = sourcecode.swift; path = AllGroupsVC.swift; sourceTree = "<group>"; };
		3E61842D203717DB00A68D16 /* newVK.app */ = {isa = PBXFileReference; explicitFileType = wrapper.application; includeInIndex = 0; path = newVK.app; sourceTree = BUILT_PRODUCTS_DIR; };
		3E618430203717DB00A68D16 /* AppDelegate.swift */ = {isa = PBXFileReference; lastKnownFileType = sourcecode.swift; path = AppDelegate.swift; sourceTree = "<group>"; };
		3E618435203717DB00A68D16 /* Base */ = {isa = PBXFileReference; lastKnownFileType = file.storyboard; name = Base; path = Base.lproj/Main.storyboard; sourceTree = "<group>"; };
		3E618437203717DB00A68D16 /* Assets.xcassets */ = {isa = PBXFileReference; lastKnownFileType = folder.assetcatalog; path = Assets.xcassets; sourceTree = "<group>"; };
		3E61843A203717DB00A68D16 /* Base */ = {isa = PBXFileReference; lastKnownFileType = file.storyboard; name = Base; path = Base.lproj/LaunchScreen.storyboard; sourceTree = "<group>"; };
		3E61843C203717DB00A68D16 /* Info.plist */ = {isa = PBXFileReference; lastKnownFileType = text.plist.xml; path = Info.plist; sourceTree = "<group>"; };
		3E78B69B20443228006E9397 /* LargePhotoVC.swift */ = {isa = PBXFileReference; lastKnownFileType = sourcecode.swift; path = LargePhotoVC.swift; sourceTree = "<group>"; };
		3E7D1211204ECF44001E4D9C /* User.swift */ = {isa = PBXFileReference; lastKnownFileType = sourcecode.swift; path = User.swift; sourceTree = "<group>"; };
		3E7D1213204ED077001E4D9C /* Photo.swift */ = {isa = PBXFileReference; lastKnownFileType = sourcecode.swift; path = Photo.swift; sourceTree = "<group>"; };
		3E7D1215204ED147001E4D9C /* Group.swift */ = {isa = PBXFileReference; lastKnownFileType = sourcecode.swift; path = Group.swift; sourceTree = "<group>"; };
		3E9987E1206D04C5003DF364 /* News.swift */ = {isa = PBXFileReference; lastKnownFileType = sourcecode.swift; path = News.swift; sourceTree = "<group>"; };
		3EA87349204728930049C4F2 /* ManagePageVC.swift */ = {isa = PBXFileReference; lastKnownFileType = sourcecode.swift; path = ManagePageVC.swift; sourceTree = "<group>"; };
		3EAC58D920619DF800A2DE4A /* SavingObjects.swift */ = {isa = PBXFileReference; lastKnownFileType = sourcecode.swift; path = SavingObjects.swift; sourceTree = "<group>"; };
		3EAC58DB20624B2300A2DE4A /* PhotosRequest.swift */ = {isa = PBXFileReference; fileEncoding = 4; lastKnownFileType = sourcecode.swift; path = PhotosRequest.swift; sourceTree = "<group>"; };
		3EAC58DC20624B2300A2DE4A /* GroupsRequest.swift */ = {isa = PBXFileReference; fileEncoding = 4; lastKnownFileType = sourcecode.swift; path = GroupsRequest.swift; sourceTree = "<group>"; };
		3EAC58DF206258A300A2DE4A /* GroupsSearchRequest.swift */ = {isa = PBXFileReference; lastKnownFileType = sourcecode.swift; path = GroupsSearchRequest.swift; sourceTree = "<group>"; };
		3EAC58E12062D22100A2DE4A /* LeaveAccount.swift */ = {isa = PBXFileReference; lastKnownFileType = sourcecode.swift; path = LeaveAccount.swift; sourceTree = "<group>"; };
		3EAC58E32062DAF700A2DE4A /* OwnerVC.swift */ = {isa = PBXFileReference; lastKnownFileType = sourcecode.swift; path = OwnerVC.swift; sourceTree = "<group>"; };
		3EAC58E52062DD2500A2DE4A /* OwnerPhotosCell.swift */ = {isa = PBXFileReference; lastKnownFileType = sourcecode.swift; path = OwnerPhotosCell.swift; sourceTree = "<group>"; };
		3EC6D59120679811009F92A2 /* NewsVC.swift */ = {isa = PBXFileReference; lastKnownFileType = sourcecode.swift; path = NewsVC.swift; sourceTree = "<group>"; };
		3EC6D5932067988F009F92A2 /* NewsCell.swift */ = {isa = PBXFileReference; lastKnownFileType = sourcecode.swift; path = NewsCell.swift; sourceTree = "<group>"; };
		3EC6D59620692C84009F92A2 /* MessagesVC.swift */ = {isa = PBXFileReference; lastKnownFileType = sourcecode.swift; path = MessagesVC.swift; sourceTree = "<group>"; };
		3EC6D59920692D2E009F92A2 /* MessageCell.swift */ = {isa = PBXFileReference; lastKnownFileType = sourcecode.swift; path = MessageCell.swift; sourceTree = "<group>"; };
		5F53533A50A997494316304F /* Pods_newVK.framework */ = {isa = PBXFileReference; explicitFileType = wrapper.framework; includeInIndex = 0; path = Pods_newVK.framework; sourceTree = BUILT_PRODUCTS_DIR; };
		A7C94D3D006DBA0B60806BE9 /* Pods-newVK.release.xcconfig */ = {isa = PBXFileReference; includeInIndex = 1; lastKnownFileType = text.xcconfig; name = "Pods-newVK.release.xcconfig"; path = "Pods/Target Support Files/Pods-newVK/Pods-newVK.release.xcconfig"; sourceTree = "<group>"; };
		CA4BC402A95B54E8DF352A78 /* Pods-newVK.debug.xcconfig */ = {isa = PBXFileReference; includeInIndex = 1; lastKnownFileType = text.xcconfig; name = "Pods-newVK.debug.xcconfig"; path = "Pods/Target Support Files/Pods-newVK/Pods-newVK.debug.xcconfig"; sourceTree = "<group>"; };
/* End PBXFileReference section */

/* Begin PBXFrameworksBuildPhase section */
		3E61842A203717DB00A68D16 /* Frameworks */ = {
			isa = PBXFrameworksBuildPhase;
			buildActionMask = 2147483647;
			files = (
				1FA21557131B2520CDE60508 /* Pods_newVK.framework in Frameworks */,
			);
			runOnlyForDeploymentPostprocessing = 0;
		};
/* End PBXFrameworksBuildPhase section */

/* Begin PBXGroup section */
		3E0137C62059199500B47735 /* View controllers for groups */ = {
			isa = PBXGroup;
			children = (
				3E2BE8BD2042E9D9002A50CF /* MyGroupsVC.swift */,
				3E2BE8BF2042EE36002A50CF /* AllGroupsVC.swift */,
			);
			path = "View controllers for groups";
			sourceTree = "<group>";
		};
		3E0FEF82204ACD2D006DE640 /* View controllers for users */ = {
			isa = PBXGroup;
			children = (
				3E167695203F6C0700287BB4 /* FriendsVC.swift */,
				3E16769920400B5C00287BB4 /* FriendPhotosVC.swift */,
				3EA87349204728930049C4F2 /* ManagePageVC.swift */,
				3E78B69B20443228006E9397 /* LargePhotoVC.swift */,
				3EAC58E32062DAF700A2DE4A /* OwnerVC.swift */,
			);
			path = "View controllers for users";
			sourceTree = "<group>";
		};
		3E0FEF83204ACD41006DE640 /* Services */ = {
			isa = PBXGroup;
			children = (
				3EAC58E12062D22100A2DE4A /* LeaveAccount.swift */,
				3E21A025206D1CAE0011D287 /* NewsRequest.swift */,
				3E0FEF7D204ABE4C006DE640 /* FriendsRequest.swift */,
				3EAC58DB20624B2300A2DE4A /* PhotosRequest.swift */,
				3EAC58DC20624B2300A2DE4A /* GroupsRequest.swift */,
				3EAC58DF206258A300A2DE4A /* GroupsSearchRequest.swift */,
				3EAC58D920619DF800A2DE4A /* SavingObjects.swift */,
			);
			path = Services;
			sourceTree = "<group>";
		};
		3E0FEF84204ACD4B006DE640 /* Cells */ = {
			isa = PBXGroup;
			children = (
				3EC6D5932067988F009F92A2 /* NewsCell.swift */,
				3EC6D59920692D2E009F92A2 /* MessageCell.swift */,
				3E0137C7205A6BAB00B47735 /* FriendsCell.swift */,
				3E16769B20400F6200287BB4 /* FriendPhotosCell.swift */,
				3EAC58E52062DD2500A2DE4A /* OwnerPhotosCell.swift */,
				3E0137CB205A701A00B47735 /* MyGroupsCell.swift */,
				3E0137C9205A6EAE00B47735 /* AllGroupsCell.swift */,
			);
			path = Cells;
			sourceTree = "<group>";
		};
		3E48210B204BFD11009639FC /* Login View controllers */ = {
			isa = PBXGroup;
			children = (
				3E0FEF7F204ACD0D006DE640 /* VKloginVC.swift */,
				3E0FEF85204AD47B006DE640 /* WebKitVC.swift */,
			);
			path = "Login View controllers";
			sourceTree = "<group>";
		};
		3E618424203717DB00A68D16 = {
			isa = PBXGroup;
			children = (
				3E61842F203717DB00A68D16 /* newVK */,
				3E61842E203717DB00A68D16 /* Products */,
				BFE592A696C8EC6F222A4300 /* Pods */,
				60CBD30DAFE58B1DF1A08ED8 /* Frameworks */,
			);
			sourceTree = "<group>";
		};
		3E61842E203717DB00A68D16 /* Products */ = {
			isa = PBXGroup;
			children = (
				3E61842D203717DB00A68D16 /* newVK.app */,
			);
			name = Products;
			sourceTree = "<group>";
		};
		3E61842F203717DB00A68D16 /* newVK */ = {
			isa = PBXGroup;
			children = (
				3E618430203717DB00A68D16 /* AppDelegate.swift */,
				3E618439203717DB00A68D16 /* LaunchScreen.storyboard */,
				3E618434203717DB00A68D16 /* Main.storyboard */,
				3E618437203717DB00A68D16 /* Assets.xcassets */,
				3E61843C203717DB00A68D16 /* Info.plist */,
				3E7D1217204ED1BE001E4D9C /* Data from VK */,
				3E0FEF83204ACD41006DE640 /* Services */,
				3E48210B204BFD11009639FC /* Login View controllers */,
				3EC6D595206798A5009F92A2 /* View controllers for news */,
				3EC6D59820692C90009F92A2 /* View controllers fo messages */,
				3E0FEF82204ACD2D006DE640 /* View controllers for users */,
				3E0137C62059199500B47735 /* View controllers for groups */,
				3E0FEF84204ACD4B006DE640 /* Cells */,
			);
			path = newVK;
			sourceTree = "<group>";
		};
		3E7D1217204ED1BE001E4D9C /* Data from VK */ = {
			isa = PBXGroup;
			children = (
				3E9987E1206D04C5003DF364 /* News.swift */,
				3E7D1211204ECF44001E4D9C /* User.swift */,
				3E7D1213204ED077001E4D9C /* Photo.swift */,
				3E7D1215204ED147001E4D9C /* Group.swift */,
			);
			path = "Data from VK";
			sourceTree = "<group>";
		};
		3EC6D595206798A5009F92A2 /* View controllers for news */ = {
			isa = PBXGroup;
			children = (
				3EC6D59120679811009F92A2 /* NewsVC.swift */,
			);
			path = "View controllers for news";
			sourceTree = "<group>";
		};
		3EC6D59820692C90009F92A2 /* View controllers fo messages */ = {
			isa = PBXGroup;
			children = (
				3EC6D59620692C84009F92A2 /* MessagesVC.swift */,
			);
			path = "View controllers fo messages";
			sourceTree = "<group>";
		};
		60CBD30DAFE58B1DF1A08ED8 /* Frameworks */ = {
			isa = PBXGroup;
			children = (
				5F53533A50A997494316304F /* Pods_newVK.framework */,
			);
			name = Frameworks;
			sourceTree = "<group>";
		};
		BFE592A696C8EC6F222A4300 /* Pods */ = {
			isa = PBXGroup;
			children = (
				CA4BC402A95B54E8DF352A78 /* Pods-newVK.debug.xcconfig */,
				A7C94D3D006DBA0B60806BE9 /* Pods-newVK.release.xcconfig */,
			);
			name = Pods;
			sourceTree = "<group>";
		};
/* End PBXGroup section */

/* Begin PBXNativeTarget section */
		3E61842C203717DB00A68D16 /* newVK */ = {
			isa = PBXNativeTarget;
			buildConfigurationList = 3E61843F203717DB00A68D16 /* Build configuration list for PBXNativeTarget "newVK" */;
			buildPhases = (
				D5A3EB05ED719DD168FF33CF /* [CP] Check Pods Manifest.lock */,
				3E618429203717DB00A68D16 /* Sources */,
				3E61842A203717DB00A68D16 /* Frameworks */,
				3E61842B203717DB00A68D16 /* Resources */,
				324E27A980516C0F273EEC7F /* [CP] Embed Pods Frameworks */,
				BF399176EB4CC287C2618045 /* [CP] Copy Pods Resources */,
			);
			buildRules = (
			);
			dependencies = (
			);
			name = newVK;
			productName = newVK;
			productReference = 3E61842D203717DB00A68D16 /* newVK.app */;
			productType = "com.apple.product-type.application";
		};
/* End PBXNativeTarget section */

/* Begin PBXProject section */
		3E618425203717DB00A68D16 /* Project object */ = {
			isa = PBXProject;
			attributes = {
				LastSwiftUpdateCheck = 0920;
				LastUpgradeCheck = 0920;
				ORGANIZATIONNAME = "Триада";
				TargetAttributes = {
					3E61842C203717DB00A68D16 = {
						CreatedOnToolsVersion = 9.2;
						ProvisioningStyle = Automatic;
					};
				};
			};
			buildConfigurationList = 3E618428203717DB00A68D16 /* Build configuration list for PBXProject "newVK" */;
			compatibilityVersion = "Xcode 8.0";
			developmentRegion = en;
			hasScannedForEncodings = 0;
			knownRegions = (
				en,
				Base,
			);
			mainGroup = 3E618424203717DB00A68D16;
			productRefGroup = 3E61842E203717DB00A68D16 /* Products */;
			projectDirPath = "";
			projectRoot = "";
			targets = (
				3E61842C203717DB00A68D16 /* newVK */,
			);
		};
/* End PBXProject section */

/* Begin PBXResourcesBuildPhase section */
		3E61842B203717DB00A68D16 /* Resources */ = {
			isa = PBXResourcesBuildPhase;
			buildActionMask = 2147483647;
			files = (
				3E61843B203717DB00A68D16 /* LaunchScreen.storyboard in Resources */,
				3E618438203717DB00A68D16 /* Assets.xcassets in Resources */,
				3E618436203717DB00A68D16 /* Main.storyboard in Resources */,
			);
			runOnlyForDeploymentPostprocessing = 0;
		};
/* End PBXResourcesBuildPhase section */

/* Begin PBXShellScriptBuildPhase section */
		324E27A980516C0F273EEC7F /* [CP] Embed Pods Frameworks */ = {
			isa = PBXShellScriptBuildPhase;
			buildActionMask = 2147483647;
			files = (
			);
			inputPaths = (
				"${SRCROOT}/Pods/Target Support Files/Pods-newVK/Pods-newVK-frameworks.sh",
				"${BUILT_PRODUCTS_DIR}/Alamofire/Alamofire.framework",
				"${BUILT_PRODUCTS_DIR}/Realm/Realm.framework",
				"${BUILT_PRODUCTS_DIR}/RealmSwift/RealmSwift.framework",
				"${BUILT_PRODUCTS_DIR}/SwiftKeychainWrapper/SwiftKeychainWrapper.framework",
				"${BUILT_PRODUCTS_DIR}/SwiftyJSON/SwiftyJSON.framework",
			);
			name = "[CP] Embed Pods Frameworks";
			outputPaths = (
				"${TARGET_BUILD_DIR}/${FRAMEWORKS_FOLDER_PATH}/Alamofire.framework",
				"${TARGET_BUILD_DIR}/${FRAMEWORKS_FOLDER_PATH}/Realm.framework",
				"${TARGET_BUILD_DIR}/${FRAMEWORKS_FOLDER_PATH}/RealmSwift.framework",
				"${TARGET_BUILD_DIR}/${FRAMEWORKS_FOLDER_PATH}/SwiftKeychainWrapper.framework",
				"${TARGET_BUILD_DIR}/${FRAMEWORKS_FOLDER_PATH}/SwiftyJSON.framework",
			);
			runOnlyForDeploymentPostprocessing = 0;
			shellPath = /bin/sh;
			shellScript = "\"${SRCROOT}/Pods/Target Support Files/Pods-newVK/Pods-newVK-frameworks.sh\"\n";
			showEnvVarsInLog = 0;
		};
		BF399176EB4CC287C2618045 /* [CP] Copy Pods Resources */ = {
			isa = PBXShellScriptBuildPhase;
			buildActionMask = 2147483647;
			files = (
			);
			inputPaths = (
			);
			name = "[CP] Copy Pods Resources";
			outputPaths = (
			);
			runOnlyForDeploymentPostprocessing = 0;
			shellPath = /bin/sh;
			shellScript = "\"${SRCROOT}/Pods/Target Support Files/Pods-newVK/Pods-newVK-resources.sh\"\n";
			showEnvVarsInLog = 0;
		};
		D5A3EB05ED719DD168FF33CF /* [CP] Check Pods Manifest.lock */ = {
			isa = PBXShellScriptBuildPhase;
			buildActionMask = 2147483647;
			files = (
			);
			inputPaths = (
				"${PODS_PODFILE_DIR_PATH}/Podfile.lock",
				"${PODS_ROOT}/Manifest.lock",
			);
			name = "[CP] Check Pods Manifest.lock";
			outputPaths = (
				"$(DERIVED_FILE_DIR)/Pods-newVK-checkManifestLockResult.txt",
			);
			runOnlyForDeploymentPostprocessing = 0;
			shellPath = /bin/sh;
			shellScript = "diff \"${PODS_PODFILE_DIR_PATH}/Podfile.lock\" \"${PODS_ROOT}/Manifest.lock\" > /dev/null\nif [ $? != 0 ] ; then\n    # print error to STDERR\n    echo \"error: The sandbox is not in sync with the Podfile.lock. Run 'pod install' or update your CocoaPods installation.\" >&2\n    exit 1\nfi\n# This output is used by Xcode 'outputs' to avoid re-running this script phase.\necho \"SUCCESS\" > \"${SCRIPT_OUTPUT_FILE_0}\"\n";
			showEnvVarsInLog = 0;
		};
/* End PBXShellScriptBuildPhase section */

/* Begin PBXSourcesBuildPhase section */
		3E618429203717DB00A68D16 /* Sources */ = {
			isa = PBXSourcesBuildPhase;
			buildActionMask = 2147483647;
			files = (
				3EAC58E62062DD2500A2DE4A /* OwnerPhotosCell.swift in Sources */,
				3E0FEF86204AD47B006DE640 /* WebKitVC.swift in Sources */,
				3E0FEF7E204ABE4C006DE640 /* FriendsRequest.swift in Sources */,
				3EAC58E42062DAF700A2DE4A /* OwnerVC.swift in Sources */,
				3E0FEF80204ACD0D006DE640 /* VKloginVC.swift in Sources */,
				3E7D1216204ED147001E4D9C /* Group.swift in Sources */,
				3E0137CC205A701A00B47735 /* MyGroupsCell.swift in Sources */,
				3EA8734A204728930049C4F2 /* ManagePageVC.swift in Sources */,
				3E167696203F6C0700287BB4 /* FriendsVC.swift in Sources */,
				3EAC58DE20624B2300A2DE4A /* GroupsRequest.swift in Sources */,
				3E7D1212204ECF44001E4D9C /* User.swift in Sources */,
				3EAC58DA20619DF800A2DE4A /* SavingObjects.swift in Sources */,
				3E21A026206D1CAE0011D287 /* NewsRequest.swift in Sources */,
				3E0137CA205A6EAE00B47735 /* AllGroupsCell.swift in Sources */,
				3EC6D59A20692D2E009F92A2 /* MessageCell.swift in Sources */,
				3E2BE8C02042EE36002A50CF /* AllGroupsVC.swift in Sources */,
				3EAC58DD20624B2300A2DE4A /* PhotosRequest.swift in Sources */,
				3E0137C8205A6BAB00B47735 /* FriendsCell.swift in Sources */,
				3E7D1214204ED077001E4D9C /* Photo.swift in Sources */,
				3EAC58E0206258A300A2DE4A /* GroupsSearchRequest.swift in Sources */,
				3EC6D59720692C84009F92A2 /* MessagesVC.swift in Sources */,
				3E16769C20400F6200287BB4 /* FriendPhotosCell.swift in Sources */,
				3E9987E2206D04C5003DF364 /* News.swift in Sources */,
				3EC6D59220679811009F92A2 /* NewsVC.swift in Sources */,
				3E2BE8BE2042E9D9002A50CF /* MyGroupsVC.swift in Sources */,
				3E618431203717DB00A68D16 /* AppDelegate.swift in Sources */,
				3E78B69C20443228006E9397 /* LargePhotoVC.swift in Sources */,
				3E16769A20400B5C00287BB4 /* FriendPhotosVC.swift in Sources */,
				3EC6D5942067988F009F92A2 /* NewsCell.swift in Sources */,
				3EAC58E22062D22100A2DE4A /* LeaveAccount.swift in Sources */,
			);
			runOnlyForDeploymentPostprocessing = 0;
		};
/* End PBXSourcesBuildPhase section */

/* Begin PBXVariantGroup section */
		3E618434203717DB00A68D16 /* Main.storyboard */ = {
			isa = PBXVariantGroup;
			children = (
				3E618435203717DB00A68D16 /* Base */,
			);
			name = Main.storyboard;
			sourceTree = "<group>";
		};
		3E618439203717DB00A68D16 /* LaunchScreen.storyboard */ = {
			isa = PBXVariantGroup;
			children = (
				3E61843A203717DB00A68D16 /* Base */,
			);
			name = LaunchScreen.storyboard;
			sourceTree = "<group>";
		};
/* End PBXVariantGroup section */

/* Begin XCBuildConfiguration section */
		3E61843D203717DB00A68D16 /* Debug */ = {
			isa = XCBuildConfiguration;
			buildSettings = {
				ALWAYS_SEARCH_USER_PATHS = NO;
				CLANG_ANALYZER_NONNULL = YES;
				CLANG_ANALYZER_NUMBER_OBJECT_CONVERSION = YES_AGGRESSIVE;
				CLANG_CXX_LANGUAGE_STANDARD = "gnu++14";
				CLANG_CXX_LIBRARY = "libc++";
				CLANG_ENABLE_MODULES = YES;
				CLANG_ENABLE_OBJC_ARC = YES;
				CLANG_WARN_BLOCK_CAPTURE_AUTORELEASING = YES;
				CLANG_WARN_BOOL_CONVERSION = YES;
				CLANG_WARN_COMMA = YES;
				CLANG_WARN_CONSTANT_CONVERSION = YES;
				CLANG_WARN_DIRECT_OBJC_ISA_USAGE = YES_ERROR;
				CLANG_WARN_DOCUMENTATION_COMMENTS = YES;
				CLANG_WARN_EMPTY_BODY = YES;
				CLANG_WARN_ENUM_CONVERSION = YES;
				CLANG_WARN_INFINITE_RECURSION = YES;
				CLANG_WARN_INT_CONVERSION = YES;
				CLANG_WARN_NON_LITERAL_NULL_CONVERSION = YES;
				CLANG_WARN_OBJC_LITERAL_CONVERSION = YES;
				CLANG_WARN_OBJC_ROOT_CLASS = YES_ERROR;
				CLANG_WARN_RANGE_LOOP_ANALYSIS = YES;
				CLANG_WARN_STRICT_PROTOTYPES = YES;
				CLANG_WARN_SUSPICIOUS_MOVE = YES;
				CLANG_WARN_UNGUARDED_AVAILABILITY = YES_AGGRESSIVE;
				CLANG_WARN_UNREACHABLE_CODE = YES;
				CLANG_WARN__DUPLICATE_METHOD_MATCH = YES;
				CODE_SIGN_IDENTITY = "iPhone Developer";
				COPY_PHASE_STRIP = NO;
				DEBUG_INFORMATION_FORMAT = dwarf;
				ENABLE_STRICT_OBJC_MSGSEND = YES;
				ENABLE_TESTABILITY = YES;
				GCC_C_LANGUAGE_STANDARD = gnu11;
				GCC_DYNAMIC_NO_PIC = NO;
				GCC_NO_COMMON_BLOCKS = YES;
				GCC_OPTIMIZATION_LEVEL = 0;
				GCC_PREPROCESSOR_DEFINITIONS = (
					"DEBUG=1",
					"$(inherited)",
				);
				GCC_WARN_64_TO_32_BIT_CONVERSION = YES;
				GCC_WARN_ABOUT_RETURN_TYPE = YES_ERROR;
				GCC_WARN_UNDECLARED_SELECTOR = YES;
				GCC_WARN_UNINITIALIZED_AUTOS = YES_AGGRESSIVE;
				GCC_WARN_UNUSED_FUNCTION = YES;
				GCC_WARN_UNUSED_VARIABLE = YES;
				IPHONEOS_DEPLOYMENT_TARGET = 11.2;
				MTL_ENABLE_DEBUG_INFO = YES;
				ONLY_ACTIVE_ARCH = YES;
				SDKROOT = iphoneos;
				SWIFT_ACTIVE_COMPILATION_CONDITIONS = DEBUG;
				SWIFT_OPTIMIZATION_LEVEL = "-Onone";
			};
			name = Debug;
		};
		3E61843E203717DB00A68D16 /* Release */ = {
			isa = XCBuildConfiguration;
			buildSettings = {
				ALWAYS_SEARCH_USER_PATHS = NO;
				CLANG_ANALYZER_NONNULL = YES;
				CLANG_ANALYZER_NUMBER_OBJECT_CONVERSION = YES_AGGRESSIVE;
				CLANG_CXX_LANGUAGE_STANDARD = "gnu++14";
				CLANG_CXX_LIBRARY = "libc++";
				CLANG_ENABLE_MODULES = YES;
				CLANG_ENABLE_OBJC_ARC = YES;
				CLANG_WARN_BLOCK_CAPTURE_AUTORELEASING = YES;
				CLANG_WARN_BOOL_CONVERSION = YES;
				CLANG_WARN_COMMA = YES;
				CLANG_WARN_CONSTANT_CONVERSION = YES;
				CLANG_WARN_DIRECT_OBJC_ISA_USAGE = YES_ERROR;
				CLANG_WARN_DOCUMENTATION_COMMENTS = YES;
				CLANG_WARN_EMPTY_BODY = YES;
				CLANG_WARN_ENUM_CONVERSION = YES;
				CLANG_WARN_INFINITE_RECURSION = YES;
				CLANG_WARN_INT_CONVERSION = YES;
				CLANG_WARN_NON_LITERAL_NULL_CONVERSION = YES;
				CLANG_WARN_OBJC_LITERAL_CONVERSION = YES;
				CLANG_WARN_OBJC_ROOT_CLASS = YES_ERROR;
				CLANG_WARN_RANGE_LOOP_ANALYSIS = YES;
				CLANG_WARN_STRICT_PROTOTYPES = YES;
				CLANG_WARN_SUSPICIOUS_MOVE = YES;
				CLANG_WARN_UNGUARDED_AVAILABILITY = YES_AGGRESSIVE;
				CLANG_WARN_UNREACHABLE_CODE = YES;
				CLANG_WARN__DUPLICATE_METHOD_MATCH = YES;
				CODE_SIGN_IDENTITY = "iPhone Developer";
				COPY_PHASE_STRIP = NO;
				DEBUG_INFORMATION_FORMAT = "dwarf-with-dsym";
				ENABLE_NS_ASSERTIONS = NO;
				ENABLE_STRICT_OBJC_MSGSEND = YES;
				GCC_C_LANGUAGE_STANDARD = gnu11;
				GCC_NO_COMMON_BLOCKS = YES;
				GCC_WARN_64_TO_32_BIT_CONVERSION = YES;
				GCC_WARN_ABOUT_RETURN_TYPE = YES_ERROR;
				GCC_WARN_UNDECLARED_SELECTOR = YES;
				GCC_WARN_UNINITIALIZED_AUTOS = YES_AGGRESSIVE;
				GCC_WARN_UNUSED_FUNCTION = YES;
				GCC_WARN_UNUSED_VARIABLE = YES;
				IPHONEOS_DEPLOYMENT_TARGET = 11.2;
				MTL_ENABLE_DEBUG_INFO = NO;
				SDKROOT = iphoneos;
				SWIFT_OPTIMIZATION_LEVEL = "-Owholemodule";
				VALIDATE_PRODUCT = YES;
			};
			name = Release;
		};
		3E618440203717DB00A68D16 /* Debug */ = {
			isa = XCBuildConfiguration;
			baseConfigurationReference = CA4BC402A95B54E8DF352A78 /* Pods-newVK.debug.xcconfig */;
			buildSettings = {
				ASSETCATALOG_COMPILER_APPICON_NAME = AppIcon;
				CODE_SIGN_STYLE = Automatic;
				DEVELOPMENT_TEAM = 8HPH483Z2C;
				INFOPLIST_FILE = newVK/Info.plist;
				LD_RUNPATH_SEARCH_PATHS = "$(inherited) @executable_path/Frameworks";
				PRODUCT_BUNDLE_IDENTIFIER = Triad.newVK;
				PRODUCT_NAME = "$(TARGET_NAME)";
				SWIFT_VERSION = 4.0;
				TARGETED_DEVICE_FAMILY = "1,2";
			};
			name = Debug;
		};
		3E618441203717DB00A68D16 /* Release */ = {
			isa = XCBuildConfiguration;
			baseConfigurationReference = A7C94D3D006DBA0B60806BE9 /* Pods-newVK.release.xcconfig */;
			buildSettings = {
				ASSETCATALOG_COMPILER_APPICON_NAME = AppIcon;
				CODE_SIGN_STYLE = Automatic;
				DEVELOPMENT_TEAM = 8HPH483Z2C;
				INFOPLIST_FILE = newVK/Info.plist;
				LD_RUNPATH_SEARCH_PATHS = "$(inherited) @executable_path/Frameworks";
				PRODUCT_BUNDLE_IDENTIFIER = Triad.newVK;
				PRODUCT_NAME = "$(TARGET_NAME)";
				SWIFT_VERSION = 4.0;
				TARGETED_DEVICE_FAMILY = "1,2";
			};
			name = Release;
		};
/* End XCBuildConfiguration section */

/* Begin XCConfigurationList section */
		3E618428203717DB00A68D16 /* Build configuration list for PBXProject "newVK" */ = {
			isa = XCConfigurationList;
			buildConfigurations = (
				3E61843D203717DB00A68D16 /* Debug */,
				3E61843E203717DB00A68D16 /* Release */,
			);
			defaultConfigurationIsVisible = 0;
			defaultConfigurationName = Release;
		};
		3E61843F203717DB00A68D16 /* Build configuration list for PBXNativeTarget "newVK" */ = {
			isa = XCConfigurationList;
			buildConfigurations = (
				3E618440203717DB00A68D16 /* Debug */,
				3E618441203717DB00A68D16 /* Release */,
			);
			defaultConfigurationIsVisible = 0;
			defaultConfigurationName = Release;
		};
/* End XCConfigurationList section */
	};
	rootObject = 3E618425203717DB00A68D16 /* Project object */;
}
